
Microsoft Visual Studio Solution File, Format Version 12.00
# Visual Studio Version 17
VisualStudioVersion = 17.11.35327.3
MinimumVisualStudioVersion = 10.0.40219.1
Project("{9A19103F-16F7-4668-BE54-9A1E7A4F7556}") = "Vertizens.SliceR", "src\SliceR\Vertizens.SliceR.csproj", "{94D65EDD-0C98-487C-A93F-9402BD9341C2}"
EndProject
Project("{2150E333-8FDC-42A3-9474-1A3956D46DE8}") = "Solution Items", "Solution Items", "{CBD5372F-589A-40EB-8223-E3B0C37C0DCD}"
	ProjectSection(SolutionItems) = preProject
		LICENSE = LICENSE
		README.md = README.md
	EndProjectSection
EndProject
Project("{2150E333-8FDC-42A3-9474-1A3956D46DE8}") = "src", "src", "{12E77040-CC78-4879-A399-362970C59375}"
EndProject
Project("{2150E333-8FDC-42A3-9474-1A3956D46DE8}") = "tests", "tests", "{C42C3E78-4373-473A-BFF7-2396E7E5C1EE}"
EndProject
Project("{FAE04EC0-301F-11D3-BF4B-00C04F79EFBC}") = "Vertizens.SliceR.Tests", "tests\Vertizens.SliceR.Tests\Vertizens.SliceR.Tests.csproj", "{8273D5B1-5134-4FC6-85D5-3A870C04BEBE}"
EndProject
Global
	GlobalSection(SolutionConfigurationPlatforms) = preSolution
		Debug|Any CPU = Debug|Any CPU
		Release|Any CPU = Release|Any CPU
	EndGlobalSection
	GlobalSection(ProjectConfigurationPlatforms) = postSolution
		{94D65EDD-0C98-487C-A93F-9402BD9341C2}.Debug|Any CPU.ActiveCfg = Debug|Any CPU
		{94D65EDD-0C98-487C-A93F-9402BD9341C2}.Debug|Any CPU.Build.0 = Debug|Any CPU
		{94D65EDD-0C98-487C-A93F-9402BD9341C2}.Release|Any CPU.ActiveCfg = Release|Any CPU
		{94D65EDD-0C98-487C-A93F-9402BD9341C2}.Release|Any CPU.Build.0 = Release|Any CPU
		{8273D5B1-5134-4FC6-85D5-3A870C04BEBE}.Debug|Any CPU.ActiveCfg = Debug|Any CPU
		{8273D5B1-5134-4FC6-85D5-3A870C04BEBE}.Debug|Any CPU.Build.0 = Debug|Any CPU
		{8273D5B1-5134-4FC6-85D5-3A870C04BEBE}.Release|Any CPU.ActiveCfg = Release|Any CPU
		{8273D5B1-5134-4FC6-85D5-3A870C04BEBE}.Release|Any CPU.Build.0 = Release|Any CPU
	EndGlobalSection
	GlobalSection(SolutionProperties) = preSolution
		HideSolutionNode = FALSE
	EndGlobalSection
	GlobalSection(NestedProjects) = preSolution
		{94D65EDD-0C98-487C-A93F-9402BD9341C2} = {12E77040-CC78-4879-A399-362970C59375}
		{8273D5B1-5134-4FC6-85D5-3A870C04BEBE} = {C42C3E78-4373-473A-BFF7-2396E7E5C1EE}
	EndGlobalSection
	GlobalSection(ExtensibilityGlobals) = postSolution
		SolutionGuid = {9476250F-ED83-4D7F-B8A0-7BC5DED522EB}
	EndGlobalSection
EndGlobal
